
Microsoft Visual Studio Solution File, Format Version 10.00
# Visual Studio 2008
Project("{6989167D-11E4-40FE-8C1A-2192A86A7E90}") = "Fortran", "Fortran\Fortran.vfproj", "{AD548789-E49F-4511-9D46-86AEF2646175}"
EndProject
Project("{8BC9CEB8-8B4A-11D0-8D11-00A0C91BC942}") = "C", "C\C.vcproj", "{076EDD7C-66F1-4C13-ADD7-9F2586CD0077}"
EndProject
Global
	GlobalSection(SolutionConfigurationPlatforms) = preSolution
		Debug|Win32 = Debug|Win32
		Release|Win32 = Release|Win32
	EndGlobalSection
	GlobalSection(ProjectConfigurationPlatforms) = postSolution
		{AD548789-E49F-4511-9D46-86AEF2646175}.Debug|Win32.ActiveCfg = Debug|Win32
		{AD548789-E49F-4511-9D46-86AEF2646175}.Debug|Win32.Build.0 = Debug|Win32
		{AD548789-E49F-4511-9D46-86AEF2646175}.Release|Win32.ActiveCfg = Release|Win32
		{AD548789-E49F-4511-9D46-86AEF2646175}.Release|Win32.Build.0 = Release|Win32
		{076EDD7C-66F1-4C13-ADD7-9F2586CD0077}.Debug|Win32.ActiveCfg = Debug|Win32
		{076EDD7C-66F1-4C13-ADD7-9F2586CD0077}.Debug|Win32.Build.0 = Debug|Win32
		{076EDD7C-66F1-4C13-ADD7-9F2586CD0077}.Release|Win32.ActiveCfg = Release|Win32
		{076EDD7C-66F1-4C13-ADD7-9F2586CD0077}.Release|Win32.Build.0 = Release|Win32
	EndGlobalSection
	GlobalSection(SolutionProperties) = preSolution
		HideSolutionNode = FALSE
	EndGlobalSection
EndGlobal
